{
  "requires": true,
  "lockfileVersion": 1,
  "dependencies": {
    "ngx-social-button": {
      "version": "1.0.4",
      "resolved": "https://registry.npmjs.org/ngx-social-button/-/ngx-social-button-1.0.4.tgz",
      "integrity": "sha512-4viKbk68w0cZx2njg6gdrSi5e9ndqtSdAst+eWn1dW2C46QlIe/bTRLECZzBzkMm3YzinZMMgwzWG+6ZEcM32A==",
      "requires": {
        "tslib": "^1.9.0"
      }
    },
    "tslib": {
      "version": "1.11.1",
      "resolved": "https://registry.npmjs.org/tslib/-/tslib-1.11.1.tgz",
      "integrity": "sha512-aZW88SY8kQbU7gpV19lN24LtXh/yD4ZZg6qieAJDDg+YBsJcSmLGK9QpnUjAKVG/xefmvJGd1WUmfpT/g6AJGA=="
    }
  }
}
